
Microsoft Visual Studio Solution File, Format Version 12.00
# Visual Studio Version 17
VisualStudioVersion = 17.6.33723.286
MinimumVisualStudioVersion = 10.0.40219.1
Project("{9A19103F-16F7-4668-BE54-9A1E7A4F7556}") = "ModelMeFootball", "ModelMeFootball\ModelMeFootball.csproj", "{BDB4F8BA-1892-424B-B38F-48EE798E9960}"
EndProject
Global
	GlobalSection(SolutionConfigurationPlatforms) = preSolution
		Debug|Any CPU = Debug|Any CPU
		Release|Any CPU = Release|Any CPU
	EndGlobalSection
	GlobalSection(ProjectConfigurationPlatforms) = postSolution
		{BDB4F8BA-1892-424B-B38F-48EE798E9960}.Debug|Any CPU.ActiveCfg = Debug|Any CPU
		{BDB4F8BA-1892-424B-B38F-48EE798E9960}.Debug|Any CPU.Build.0 = Debug|Any CPU
		{BDB4F8BA-1892-424B-B38F-48EE798E9960}.Release|Any CPU.ActiveCfg = Release|Any CPU
		{BDB4F8BA-1892-424B-B38F-48EE798E9960}.Release|Any CPU.Build.0 = Release|Any CPU
	EndGlobalSection
	GlobalSection(SolutionProperties) = preSolution
		HideSolutionNode = FALSE
	EndGlobalSection
	GlobalSection(ExtensibilityGlobals) = postSolution
		SolutionGuid = {AA6D26D4-8BD7-45B7-8A37-A8C41531591B}
	EndGlobalSection
EndGlobal
